// !$*UTF8*$!
{
	archiveVersion = 1;
	classes = {
	};
	objectVersion = 46;
	objects = {

/* Begin PBXBuildFile section */
		5BF5B74F9DA16F3351D82188 /* libPods-POICharacterList.a in Frameworks */ = {isa = PBXBuildFile; fileRef = 29D530C160E31AE568124017 /* libPods-POICharacterList.a */; };
		C35A0B8D1D9227E400F3DED7 /* main.m in Sources */ = {isa = PBXBuildFile; fileRef = C35A0B8C1D9227E400F3DED7 /* main.m */; };
		C35A0B901D9227E400F3DED7 /* AppDelegate.m in Sources */ = {isa = PBXBuildFile; fileRef = C35A0B8F1D9227E400F3DED7 /* AppDelegate.m */; };
		C35A0B931D9227E400F3DED7 /* ViewController.m in Sources */ = {isa = PBXBuildFile; fileRef = C35A0B921D9227E400F3DED7 /* ViewController.m */; };
		C35A0B961D9227E400F3DED7 /* Main.storyboard in Resources */ = {isa = PBXBuildFile; fileRef = C35A0B941D9227E400F3DED7 /* Main.storyboard */; };
		C35A0B981D9227E400F3DED7 /* Assets.xcassets in Resources */ = {isa = PBXBuildFile; fileRef = C35A0B971D9227E400F3DED7 /* Assets.xcassets */; };
		C35A0B9B1D9227E400F3DED7 /* LaunchScreen.storyboard in Resources */ = {isa = PBXBuildFile; fileRef = C35A0B991D9227E400F3DED7 /* LaunchScreen.storyboard */; };
		C35C94CD1D968BC000D8A472 /* AnimateNetworkImageNode.m in Sources */ = {isa = PBXBuildFile; fileRef = C35C94CC1D968BC000D8A472 /* AnimateNetworkImageNode.m */; };
		C36261D91D93C98E00B58A81 /* CharacterViewController.m in Sources */ = {isa = PBXBuildFile; fileRef = C36261D81D93C98E00B58A81 /* CharacterViewController.m */; };
		C36261DC1D93D31E00B58A81 /* CharacterDetailNode.m in Sources */ = {isa = PBXBuildFile; fileRef = C36261DB1D93D31E00B58A81 /* CharacterDetailNode.m */; };
		C39912B91D950755005C3D24 /* PhotoCellNode.m in Sources */ = {isa = PBXBuildFile; fileRef = C39912B81D950755005C3D24 /* PhotoCellNode.m */; };
		C39925131D922D5300D6A298 /* CharacterInfo.m in Sources */ = {isa = PBXBuildFile; fileRef = C39925121D922D5300D6A298 /* CharacterInfo.m */; };
		C39925161D922DC900D6A298 /* InfoCellNode.m in Sources */ = {isa = PBXBuildFile; fileRef = C39925151D922DC900D6A298 /* InfoCellNode.m */; };
		C39925191D923AFB00D6A298 /* placeholder.png in Resources */ = {isa = PBXBuildFile; fileRef = C39925181D923AFB00D6A298 /* placeholder.png */; };
/* End PBXBuildFile section */

/* Begin PBXFileReference section */
		29D530C160E31AE568124017 /* libPods-POICharacterList.a */ = {isa = PBXFileReference; explicitFileType = archive.ar; includeInIndex = 0; path = "libPods-POICharacterList.a"; sourceTree = BUILT_PRODUCTS_DIR; };
		89FA456774D0F09F94C554A7 /* Pods-POICharacterList.debug.xcconfig */ = {isa = PBXFileReference; includeInIndex = 1; lastKnownFileType = text.xcconfig; name = "Pods-POICharacterList.debug.xcconfig"; path = "Pods/Target Support Files/Pods-POICharacterList/Pods-POICharacterList.debug.xcconfig"; sourceTree = "<group>"; };
		962D5AE268099350BBAEAEB0 /* Pods-POICharacterList.release.xcconfig */ = {isa = PBXFileReference; includeInIndex = 1; lastKnownFileType = text.xcconfig; name = "Pods-POICharacterList.release.xcconfig"; path = "Pods/Target Support Files/Pods-POICharacterList/Pods-POICharacterList.release.xcconfig"; sourceTree = "<group>"; };
		C35A0B881D9227E400F3DED7 /* POICharacterList.app */ = {isa = PBXFileReference; explicitFileType = wrapper.application; includeInIndex = 0; path = POICharacterList.app; sourceTree = BUILT_PRODUCTS_DIR; };
		C35A0B8C1D9227E400F3DED7 /* main.m */ = {isa = PBXFileReference; lastKnownFileType = sourcecode.c.objc; path = main.m; sourceTree = "<group>"; };
		C35A0B8E1D9227E400F3DED7 /* AppDelegate.h */ = {isa = PBXFileReference; lastKnownFileType = sourcecode.c.h; path = AppDelegate.h; sourceTree = "<group>"; };
		C35A0B8F1D9227E400F3DED7 /* AppDelegate.m */ = {isa = PBXFileReference; lastKnownFileType = sourcecode.c.objc; path = AppDelegate.m; sourceTree = "<group>"; };
		C35A0B911D9227E400F3DED7 /* ViewController.h */ = {isa = PBXFileReference; lastKnownFileType = sourcecode.c.h; path = ViewController.h; sourceTree = "<group>"; };
		C35A0B921D9227E400F3DED7 /* ViewController.m */ = {isa = PBXFileReference; lastKnownFileType = sourcecode.c.objc; path = ViewController.m; sourceTree = "<group>"; };
		C35A0B951D9227E400F3DED7 /* Base */ = {isa = PBXFileReference; lastKnownFileType = file.storyboard; name = Base; path = Base.lproj/Main.storyboard; sourceTree = "<group>"; };
		C35A0B971D9227E400F3DED7 /* Assets.xcassets */ = {isa = PBXFileReference; lastKnownFileType = folder.assetcatalog; path = Assets.xcassets; sourceTree = "<group>"; };
		C35A0B9A1D9227E400F3DED7 /* Base */ = {isa = PBXFileReference; lastKnownFileType = file.storyboard; name = Base; path = Base.lproj/LaunchScreen.storyboard; sourceTree = "<group>"; };
		C35A0B9C1D9227E400F3DED7 /* Info.plist */ = {isa = PBXFileReference; lastKnownFileType = text.plist.xml; path = Info.plist; sourceTree = "<group>"; };
		C35C94CB1D968BC000D8A472 /* AnimateNetworkImageNode.h */ = {isa = PBXFileReference; fileEncoding = 4; lastKnownFileType = sourcecode.c.h; path = AnimateNetworkImageNode.h; sourceTree = "<group>"; };
		C35C94CC1D968BC000D8A472 /* AnimateNetworkImageNode.m */ = {isa = PBXFileReference; fileEncoding = 4; lastKnownFileType = sourcecode.c.objc; path = AnimateNetworkImageNode.m; sourceTree = "<group>"; };
		C36261D71D93C98E00B58A81 /* CharacterViewController.h */ = {isa = PBXFileReference; fileEncoding = 4; lastKnownFileType = sourcecode.c.h; path = CharacterViewController.h; sourceTree = "<group>"; };
		C36261D81D93C98E00B58A81 /* CharacterViewController.m */ = {isa = PBXFileReference; fileEncoding = 4; lastKnownFileType = sourcecode.c.objc; path = CharacterViewController.m; sourceTree = "<group>"; };
		C36261DA1D93D31E00B58A81 /* CharacterDetailNode.h */ = {isa = PBXFileReference; fileEncoding = 4; lastKnownFileType = sourcecode.c.h; path = CharacterDetailNode.h; sourceTree = "<group>"; };
		C36261DB1D93D31E00B58A81 /* CharacterDetailNode.m */ = {isa = PBXFileReference; fileEncoding = 4; lastKnownFileType = sourcecode.c.objc; path = CharacterDetailNode.m; sourceTree = "<group>"; };
		C39912B71D950755005C3D24 /* PhotoCellNode.h */ = {isa = PBXFileReference; fileEncoding = 4; lastKnownFileType = sourcecode.c.h; path = PhotoCellNode.h; sourceTree = "<group>"; };
		C39912B81D950755005C3D24 /* PhotoCellNode.m */ = {isa = PBXFileReference; fileEncoding = 4; lastKnownFileType = sourcecode.c.objc; path = PhotoCellNode.m; sourceTree = "<group>"; };
		C39925111D922D5300D6A298 /* CharacterInfo.h */ = {isa = PBXFileReference; fileEncoding = 4; lastKnownFileType = sourcecode.c.h; path = CharacterInfo.h; sourceTree = "<group>"; };
		C39925121D922D5300D6A298 /* CharacterInfo.m */ = {isa = PBXFileReference; fileEncoding = 4; lastKnownFileType = sourcecode.c.objc; path = CharacterInfo.m; sourceTree = "<group>"; };
		C39925141D922DC900D6A298 /* InfoCellNode.h */ = {isa = PBXFileReference; fileEncoding = 4; lastKnownFileType = sourcecode.c.h; path = InfoCellNode.h; sourceTree = "<group>"; };
		C39925151D922DC900D6A298 /* InfoCellNode.m */ = {isa = PBXFileReference; fileEncoding = 4; lastKnownFileType = sourcecode.c.objc; path = InfoCellNode.m; sourceTree = "<group>"; };
		C39925181D923AFB00D6A298 /* placeholder.png */ = {isa = PBXFileReference; lastKnownFileType = image.png; path = placeholder.png; sourceTree = "<group>"; };
/* End PBXFileReference section */

/* Begin PBXFrameworksBuildPhase section */
		C35A0B851D9227E400F3DED7 /* Frameworks */ = {
			isa = PBXFrameworksBuildPhase;
			buildActionMask = 2147483647;
			files = (
				5BF5B74F9DA16F3351D82188 /* libPods-POICharacterList.a in Frameworks */,
			);
			runOnlyForDeploymentPostprocessing = 0;
		};
/* End PBXFrameworksBuildPhase section */

/* Begin PBXGroup section */
		2272C64A588FC330B95611C8 /* Pods */ = {
			isa = PBXGroup;
			children = (
				89FA456774D0F09F94C554A7 /* Pods-POICharacterList.debug.xcconfig */,
				962D5AE268099350BBAEAEB0 /* Pods-POICharacterList.release.xcconfig */,
			);
			name = Pods;
			sourceTree = "<group>";
		};
		84D606766A313D49054BA9D7 /* Frameworks */ = {
			isa = PBXGroup;
			children = (
				29D530C160E31AE568124017 /* libPods-POICharacterList.a */,
			);
			name = Frameworks;
			sourceTree = "<group>";
		};
		C35A0B7F1D9227E400F3DED7 = {
			isa = PBXGroup;
			children = (
				C35A0B8A1D9227E400F3DED7 /* POICharacterList */,
				C35A0B891D9227E400F3DED7 /* Products */,
				2272C64A588FC330B95611C8 /* Pods */,
				84D606766A313D49054BA9D7 /* Frameworks */,
			);
			sourceTree = "<group>";
		};
		C35A0B891D9227E400F3DED7 /* Products */ = {
			isa = PBXGroup;
			children = (
				C35A0B881D9227E400F3DED7 /* POICharacterList.app */,
			);
			name = Products;
			sourceTree = "<group>";
		};
		C35A0B8A1D9227E400F3DED7 /* POICharacterList */ = {
			isa = PBXGroup;
			children = (
				C39925171D923AFB00D6A298 /* Resources */,
				C39925101D922D4400D6A298 /* CustomNodes */,
				C36261D61D93C96A00B58A81 /* NodeController */,
				C399250F1D9229B200D6A298 /* DataModel */,
				C35A0B8E1D9227E400F3DED7 /* AppDelegate.h */,
				C35A0B8F1D9227E400F3DED7 /* AppDelegate.m */,
				C35A0B911D9227E400F3DED7 /* ViewController.h */,
				C35A0B921D9227E400F3DED7 /* ViewController.m */,
				C35A0B941D9227E400F3DED7 /* Main.storyboard */,
				C35A0B971D9227E400F3DED7 /* Assets.xcassets */,
				C35A0B991D9227E400F3DED7 /* LaunchScreen.storyboard */,
				C35A0B9C1D9227E400F3DED7 /* Info.plist */,
				C35A0B8B1D9227E400F3DED7 /* Supporting Files */,
			);
			path = POICharacterList;
			sourceTree = "<group>";
		};
		C35A0B8B1D9227E400F3DED7 /* Supporting Files */ = {
			isa = PBXGroup;
			children = (
				C35A0B8C1D9227E400F3DED7 /* main.m */,
			);
			name = "Supporting Files";
			sourceTree = "<group>";
		};
		C36261D61D93C96A00B58A81 /* NodeController */ = {
			isa = PBXGroup;
			children = (
				C36261D71D93C98E00B58A81 /* CharacterViewController.h */,
				C36261D81D93C98E00B58A81 /* CharacterViewController.m */,
			);
			path = NodeController;
			sourceTree = "<group>";
		};
		C399250F1D9229B200D6A298 /* DataModel */ = {
			isa = PBXGroup;
			children = (
				C39925111D922D5300D6A298 /* CharacterInfo.h */,
				C39925121D922D5300D6A298 /* CharacterInfo.m */,
			);
			path = DataModel;
			sourceTree = "<group>";
		};
		C39925101D922D4400D6A298 /* CustomNodes */ = {
			isa = PBXGroup;
			children = (
				C35C94CB1D968BC000D8A472 /* AnimateNetworkImageNode.h */,
				C35C94CC1D968BC000D8A472 /* AnimateNetworkImageNode.m */,
				C39925141D922DC900D6A298 /* InfoCellNode.h */,
				C39925151D922DC900D6A298 /* InfoCellNode.m */,
				C36261DA1D93D31E00B58A81 /* CharacterDetailNode.h */,
				C36261DB1D93D31E00B58A81 /* CharacterDetailNode.m */,
				C39912B71D950755005C3D24 /* PhotoCellNode.h */,
				C39912B81D950755005C3D24 /* PhotoCellNode.m */,
			);
			path = CustomNodes;
			sourceTree = "<group>";
		};
		C39925171D923AFB00D6A298 /* Resources */ = {
			isa = PBXGroup;
			children = (
				C39925181D923AFB00D6A298 /* placeholder.png */,
			);
			path = Resources;
			sourceTree = "<group>";
		};
/* End PBXGroup section */

/* Begin PBXNativeTarget section */
		C35A0B871D9227E400F3DED7 /* POICharacterList */ = {
			isa = PBXNativeTarget;
			buildConfigurationList = C35A0B9F1D9227E400F3DED7 /* Build configuration list for PBXNativeTarget "POICharacterList" */;
			buildPhases = (
				86E5687FD17D530C1C31FE9D /* [CP] Check Pods Manifest.lock */,
				C35A0B841D9227E400F3DED7 /* Sources */,
				C35A0B851D9227E400F3DED7 /* Frameworks */,
				C35A0B861D9227E400F3DED7 /* Resources */,
				E6165A508CC8B2244AB980AE /* [CP] Embed Pods Frameworks */,
				5435D9FC975DFB9ABD330007 /* [CP] Copy Pods Resources */,
			);
			buildRules = (
			);
			dependencies = (
			);
			name = POICharacterList;
			productName = POICharacterList;
			productReference = C35A0B881D9227E400F3DED7 /* POICharacterList.app */;
			productType = "com.apple.product-type.application";
		};
/* End PBXNativeTarget section */

/* Begin PBXProject section */
		C35A0B801D9227E400F3DED7 /* Project object */ = {
			isa = PBXProject;
			attributes = {
				LastUpgradeCheck = 0800;
				ORGANIZATIONNAME = Gocy;
				TargetAttributes = {
					C35A0B871D9227E400F3DED7 = {
						CreatedOnToolsVersion = 8.0;
						DevelopmentTeam = H4V332SS59;
						ProvisioningStyle = Automatic;
					};
				};
			};
			buildConfigurationList = C35A0B831D9227E400F3DED7 /* Build configuration list for PBXProject "POICharacterList" */;
			compatibilityVersion = "Xcode 3.2";
			developmentRegion = English;
			hasScannedForEncodings = 0;
			knownRegions = (
				en,
				Base,
			);
			mainGroup = C35A0B7F1D9227E400F3DED7;
			productRefGroup = C35A0B891D9227E400F3DED7 /* Products */;
			projectDirPath = "";
			projectRoot = "";
			targets = (
				C35A0B871D9227E400F3DED7 /* POICharacterList */,
			);
		};
/* End PBXProject section */

/* Begin PBXResourcesBuildPhase section */
		C35A0B861D9227E400F3DED7 /* Resources */ = {
			isa = PBXResourcesBuildPhase;
			buildActionMask = 2147483647;
			files = (
				C35A0B9B1D9227E400F3DED7 /* LaunchScreen.storyboard in Resources */,
				C39925191D923AFB00D6A298 /* placeholder.png in Resources */,
				C35A0B981D9227E400F3DED7 /* Assets.xcassets in Resources */,
				C35A0B961D9227E400F3DED7 /* Main.storyboard in Resources */,
			);
			runOnlyForDeploymentPostprocessing = 0;
		};
/* End PBXResourcesBuildPhase section */

/* Begin PBXShellScriptBuildPhase section */
		5435D9FC975DFB9ABD330007 /* [CP] Copy Pods Resources */ = {
			isa = PBXShellScriptBuildPhase;
			buildActionMask = 2147483647;
			files = (
			);
			inputPaths = (
			);
			name = "[CP] Copy Pods Resources";
			outputPaths = (
			);
			runOnlyForDeploymentPostprocessing = 0;
			shellPath = /bin/sh;
			shellScript = "\"${SRCROOT}/Pods/Target Support Files/Pods-POICharacterList/Pods-POICharacterList-resources.sh\"\n";
			showEnvVarsInLog = 0;
		};
		86E5687FD17D530C1C31FE9D /* [CP] Check Pods Manifest.lock */ = {
			isa = PBXShellScriptBuildPhase;
			buildActionMask = 2147483647;
			files = (
			);
			inputPaths = (
			);
			name = "[CP] Check Pods Manifest.lock";
			outputPaths = (
			);
			runOnlyForDeploymentPostprocessing = 0;
			shellPath = /bin/sh;
			shellScript = "diff \"${PODS_ROOT}/../Podfile.lock\" \"${PODS_ROOT}/Manifest.lock\" > /dev/null\nif [[ $? != 0 ]] ; then\n    cat << EOM\nerror: The sandbox is not in sync with the Podfile.lock. Run 'pod install' or update your CocoaPods installation.\nEOM\n    exit 1\nfi\n";
			showEnvVarsInLog = 0;
		};
		E6165A508CC8B2244AB980AE /* [CP] Embed Pods Frameworks */ = {
			isa = PBXShellScriptBuildPhase;
			buildActionMask = 2147483647;
			files = (
			);
			inputPaths = (
			);
			name = "[CP] Embed Pods Frameworks";
			outputPaths = (
			);
			runOnlyForDeploymentPostprocessing = 0;
			shellPath = /bin/sh;
			shellScript = "\"${SRCROOT}/Pods/Target Support Files/Pods-POICharacterList/Pods-POICharacterList-frameworks.sh\"\n";
			showEnvVarsInLog = 0;
		};
/* End PBXShellScriptBuildPhase section */

/* Begin PBXSourcesBuildPhase section */
		C35A0B841D9227E400F3DED7 /* Sources */ = {
			isa = PBXSourcesBuildPhase;
			buildActionMask = 2147483647;
			files = (
				C35A0B931D9227E400F3DED7 /* ViewController.m in Sources */,
				C35A0B901D9227E400F3DED7 /* AppDelegate.m in Sources */,
				C39912B91D950755005C3D24 /* PhotoCellNode.m in Sources */,
				C35C94CD1D968BC000D8A472 /* AnimateNetworkImageNode.m in Sources */,
				C35A0B8D1D9227E400F3DED7 /* main.m in Sources */,
				C36261DC1D93D31E00B58A81 /* CharacterDetailNode.m in Sources */,
				C39925131D922D5300D6A298 /* CharacterInfo.m in Sources */,
				C36261D91D93C98E00B58A81 /* CharacterViewController.m in Sources */,
				C39925161D922DC900D6A298 /* InfoCellNode.m in Sources */,
			);
			runOnlyForDeploymentPostprocessing = 0;
		};
/* End PBXSourcesBuildPhase section */

/* Begin PBXVariantGroup section */
		C35A0B941D9227E400F3DED7 /* Main.storyboard */ = {
			isa = PBXVariantGroup;
			children = (
				C35A0B951D9227E400F3DED7 /* Base */,
			);
			name = Main.storyboard;
			sourceTree = "<group>";
		};
		C35A0B991D9227E400F3DED7 /* LaunchScreen.storyboard */ = {
			isa = PBXVariantGroup;
			children = (
				C35A0B9A1D9227E400F3DED7 /* Base */,
			);
			name = LaunchScreen.storyboard;
			sourceTree = "<group>";
		};
/* End PBXVariantGroup section */

/* Begin XCBuildConfiguration section */
		C35A0B9D1D9227E400F3DED7 /* Debug */ = {
			isa = XCBuildConfiguration;
			buildSettings = {
				ALWAYS_SEARCH_USER_PATHS = NO;
				CLANG_ANALYZER_NONNULL = YES;
				CLANG_CXX_LANGUAGE_STANDARD = "gnu++0x";
				CLANG_CXX_LIBRARY = "libc++";
				CLANG_ENABLE_MODULES = YES;
				CLANG_ENABLE_OBJC_ARC = YES;
				CLANG_WARN_BOOL_CONVERSION = YES;
				CLANG_WARN_CONSTANT_CONVERSION = YES;
				CLANG_WARN_DIRECT_OBJC_ISA_USAGE = YES_ERROR;
				CLANG_WARN_DOCUMENTATION_COMMENTS = YES;
				CLANG_WARN_EMPTY_BODY = YES;
				CLANG_WARN_ENUM_CONVERSION = YES;
				CLANG_WARN_INFINITE_RECURSION = YES;
				CLANG_WARN_INT_CONVERSION = YES;
				CLANG_WARN_OBJC_ROOT_CLASS = YES_ERROR;
				CLANG_WARN_SUSPICIOUS_MOVES = YES;
				CLANG_WARN_UNREACHABLE_CODE = YES;
				CLANG_WARN__DUPLICATE_METHOD_MATCH = YES;
				"CODE_SIGN_IDENTITY[sdk=iphoneos*]" = "iPhone Developer";
				COPY_PHASE_STRIP = NO;
				DEBUG_INFORMATION_FORMAT = dwarf;
				ENABLE_STRICT_OBJC_MSGSEND = YES;
				ENABLE_TESTABILITY = YES;
				GCC_C_LANGUAGE_STANDARD = gnu99;
				GCC_DYNAMIC_NO_PIC = NO;
				GCC_NO_COMMON_BLOCKS = YES;
				GCC_OPTIMIZATION_LEVEL = 0;
				GCC_PREPROCESSOR_DEFINITIONS = (
					"DEBUG=1",
					"$(inherited)",
				);
				GCC_WARN_64_TO_32_BIT_CONVERSION = YES;
				GCC_WARN_ABOUT_RETURN_TYPE = YES_ERROR;
				GCC_WARN_UNDECLARED_SELECTOR = YES;
				GCC_WARN_UNINITIALIZED_AUTOS = YES_AGGRESSIVE;
				GCC_WARN_UNUSED_FUNCTION = YES;
				GCC_WARN_UNUSED_VARIABLE = YES;
				IPHONEOS_DEPLOYMENT_TARGET = 10.0;
				MTL_ENABLE_DEBUG_INFO = YES;
				ONLY_ACTIVE_ARCH = YES;
				SDKROOT = iphoneos;
				TARGETED_DEVICE_FAMILY = "1,2";
			};
			name = Debug;
		};
		C35A0B9E1D9227E400F3DED7 /* Release */ = {
			isa = XCBuildConfiguration;
			buildSettings = {
				ALWAYS_SEARCH_USER_PATHS = NO;
				CLANG_ANALYZER_NONNULL = YES;
				CLANG_CXX_LANGUAGE_STANDARD = "gnu++0x";
				CLANG_CXX_LIBRARY = "libc++";
				CLANG_ENABLE_MODULES = YES;
				CLANG_ENABLE_OBJC_ARC = YES;
				CLANG_WARN_BOOL_CONVERSION = YES;
				CLANG_WARN_CONSTANT_CONVERSION = YES;
				CLANG_WARN_DIRECT_OBJC_ISA_USAGE = YES_ERROR;
				CLANG_WARN_DOCUMENTATION_COMMENTS = YES;
				CLANG_WARN_EMPTY_BODY = YES;
				CLANG_WARN_ENUM_CONVERSION = YES;
				CLANG_WARN_INFINITE_RECURSION = YES;
				CLANG_WARN_INT_CONVERSION = YES;
				CLANG_WARN_OBJC_ROOT_CLASS = YES_ERROR;
				CLANG_WARN_SUSPICIOUS_MOVES = YES;
				CLANG_WARN_UNREACHABLE_CODE = YES;
				CLANG_WARN__DUPLICATE_METHOD_MATCH = YES;
				"CODE_SIGN_IDENTITY[sdk=iphoneos*]" = "iPhone Developer";
				COPY_PHASE_STRIP = NO;
				DEBUG_INFORMATION_FORMAT = "dwarf-with-dsym";
				ENABLE_NS_ASSERTIONS = NO;
				ENABLE_STRICT_OBJC_MSGSEND = YES;
				GCC_C_LANGUAGE_STANDARD = gnu99;
				GCC_NO_COMMON_BLOCKS = YES;
				GCC_WARN_64_TO_32_BIT_CONVERSION = YES;
				GCC_WARN_ABOUT_RETURN_TYPE = YES_ERROR;
				GCC_WARN_UNDECLARED_SELECTOR = YES;
				GCC_WARN_UNINITIALIZED_AUTOS = YES_AGGRESSIVE;
				GCC_WARN_UNUSED_FUNCTION = YES;
				GCC_WARN_UNUSED_VARIABLE = YES;
				IPHONEOS_DEPLOYMENT_TARGET = 10.0;
				MTL_ENABLE_DEBUG_INFO = NO;
				SDKROOT = iphoneos;
				TARGETED_DEVICE_FAMILY = "1,2";
				VALIDATE_PRODUCT = YES;
			};
			name = Release;
		};
		C35A0BA01D9227E400F3DED7 /* Debug */ = {
			isa = XCBuildConfiguration;
			baseConfigurationReference = 89FA456774D0F09F94C554A7 /* Pods-POICharacterList.debug.xcconfig */;
			buildSettings = {
				ASSETCATALOG_COMPILER_APPICON_NAME = AppIcon;
				DEVELOPMENT_TEAM = H4V332SS59;
				INFOPLIST_FILE = POICharacterList/Info.plist;
				LD_RUNPATH_SEARCH_PATHS = "$(inherited) @executable_path/Frameworks";
				PRODUCT_BUNDLE_IDENTIFIER = com.gocy.POICharacterList;
				PRODUCT_NAME = "$(TARGET_NAME)";
			};
			name = Debug;
		};
		C35A0BA11D9227E400F3DED7 /* Release */ = {
			isa = XCBuildConfiguration;
			baseConfigurationReference = 962D5AE268099350BBAEAEB0 /* Pods-POICharacterList.release.xcconfig */;
			buildSettings = {
				ASSETCATALOG_COMPILER_APPICON_NAME = AppIcon;
				DEVELOPMENT_TEAM = H4V332SS59;
				INFOPLIST_FILE = POICharacterList/Info.plist;
				LD_RUNPATH_SEARCH_PATHS = "$(inherited) @executable_path/Frameworks";
				PRODUCT_BUNDLE_IDENTIFIER = com.gocy.POICharacterList;
				PRODUCT_NAME = "$(TARGET_NAME)";
			};
			name = Release;
		};
/* End XCBuildConfiguration section */

/* Begin XCConfigurationList section */
		C35A0B831D9227E400F3DED7 /* Build configuration list for PBXProject "POICharacterList" */ = {
			isa = XCConfigurationList;
			buildConfigurations = (
				C35A0B9D1D9227E400F3DED7 /* Debug */,
				C35A0B9E1D9227E400F3DED7 /* Release */,
			);
			defaultConfigurationIsVisible = 0;
			defaultConfigurationName = Release;
		};
		C35A0B9F1D9227E400F3DED7 /* Build configuration list for PBXNativeTarget "POICharacterList" */ = {
			isa = XCConfigurationList;
			buildConfigurations = (
				C35A0BA01D9227E400F3DED7 /* Debug */,
				C35A0BA11D9227E400F3DED7 /* Release */,
			);
			defaultConfigurationIsVisible = 0;
			defaultConfigurationName = Release;
		};
/* End XCConfigurationList section */
	};
	rootObject = C35A0B801D9227E400F3DED7 /* Project object */;
}
